{
  "name": "berlin",
  "lockfileVersion": 3,
  "requires": true,
  "packages": {
    "": {
      "dependencies": {
        "@editorjs/image": "^2.10.3",
        "@editorjs/marker": "^1.4.0"
      }
    },
    "node_modules/@codexteam/icons": {
      "version": "0.3.3",
      "resolved": "https://registry.npmjs.org/@codexteam/icons/-/icons-0.3.3.tgz",
      "integrity": "sha512-cp7mkZPgmBuSxigTm3Vb+DtVHYeX7qXfQd7o05vcLD8Ag5WvRlol2QSn5P10k0CDAJwmkH9nQGQLBycErS9lsQ==",
      "license": "MIT"
    },
    "node_modules/@editorjs/image": {
      "version": "2.10.3",
      "resolved": "https://registry.npmjs.org/@editorjs/image/-/image-2.10.3.tgz",
      "integrity": "sha512-ekCsGICZOIdghF/U2T34H7CItqaWAoJDXbkRD+x8l/LIo/7Ozf7KovYm21qz+CluArgV4RurVFHqwlz+O0vfJA==",
      "license": "MIT",
      "dependencies": {
        "@codexteam/icons": "^0.3.0"
      }
    },
    "node_modules/@editorjs/marker": {
      "version": "1.4.0",
      "resolved": "https://registry.npmjs.org/@editorjs/marker/-/marker-1.4.0.tgz",
      "integrity": "sha512-5ipEXfL44jTTRzgNp/p/YjMO7jT08S5z4V8qA3FFJTfdhKgQyM3mvP1zpdYKw47ZZpVWMCncvk5Nto3BxihEtg==",
      "license": "MIT",
      "dependencies": {
        "@codexteam/icons": "^0.0.5"
      }
    },
    "node_modules/@editorjs/marker/node_modules/@codexteam/icons": {
      "version": "0.0.5",
      "resolved": "https://registry.npmjs.org/@codexteam/icons/-/icons-0.0.5.tgz",
      "integrity": "sha512-s6H2KXhLz2rgbMZSkRm8dsMJvyUNZsEjxobBEg9ztdrb1B2H3pEzY6iTwI4XUPJWJ3c3qRKwV4TrO3J5jUdoQA==",
      "license": "MIT"
    }
  }
}
